# GENERATED FILE - DO NOT EDIT DIRECTLY
schema_version: 1

bundle:
  version: "0.1.0-dev"
  release_sequence: 0
  channel: "development"
  source_commit: "657577c5bb7a99217855834f9429f089afcb2082"
  digest: "sha256:ffdae1fe0904b20cf12a741df8b5cdb7c5ddd4e5997874c8a23e1ee9f5c75deb"

projection:
  input_digest: "sha256:fb533d40792cda4837b7891b3abbef02c1b799e693a0497f53a351e59f19ad4d"
  output_digest: "sha256:e376675304f7204778db5864b51cb6569eb7c6ffe366f35e166882a71d9713be"
  files:
    - path: ".claude/CLAUDE.md"
      digest: "sha256:7b50d15feae7b63b94d845b2fa6e19e3220527c5b0cac69303b7fc19bd7484a8"
    - path: ".gds/compiled-policy.json"
      digest: "sha256:4e4a8eb4e33447f1c226f7c48ac72f1a2a256b5831772540afcb44c309f41ef5"
    - path: "AGENTS.md"
      digest: "sha256:de57ea36bb90c8376aa67490aa388a841da22d6ba5572e67f66ace533deba322"
